
Microsoft Visual Studio Solution File, Format Version 12.00
# Visual Studio Version 16
VisualStudioVersion = 16.0.28803.352
MinimumVisualStudioVersion = 10.0.40219.1
Project("{FAE04EC0-301F-11D3-BF4B-00C04F79EFBC}") = "Exercicio Fixação aula 196 interface", "Exercicio Fixação aula 196 interface\Exercicio Fixação aula 196 interface.csproj", "{8975E902-6D03-4212-9D3E-78D3CFD0A80E}"
EndProject
Global
	GlobalSection(SolutionConfigurationPlatforms) = preSolution
		Debug|Any CPU = Debug|Any CPU
		Release|Any CPU = Release|Any CPU
	EndGlobalSection
	GlobalSection(ProjectConfigurationPlatforms) = postSolution
		{8975E902-6D03-4212-9D3E-78D3CFD0A80E}.Debug|Any CPU.ActiveCfg = Debug|Any CPU
		{8975E902-6D03-4212-9D3E-78D3CFD0A80E}.Debug|Any CPU.Build.0 = Debug|Any CPU
		{8975E902-6D03-4212-9D3E-78D3CFD0A80E}.Release|Any CPU.ActiveCfg = Release|Any CPU
		{8975E902-6D03-4212-9D3E-78D3CFD0A80E}.Release|Any CPU.Build.0 = Release|Any CPU
	EndGlobalSection
	GlobalSection(SolutionProperties) = preSolution
		HideSolutionNode = FALSE
	EndGlobalSection
	GlobalSection(ExtensibilityGlobals) = postSolution
		SolutionGuid = {97977C3F-1908-465E-B1E1-A4E9FD42D09D}
	EndGlobalSection
EndGlobal
