
Microsoft Visual Studio Solution File, Format Version 12.00
# Visual Studio 15
Project("{FAE04EC0-301F-11D3-BF4B-00C04F79EFBC}") = "Decorator", "Decorator.csproj", "{976868D2-4857-4511-844C-96E5D36B2628}"
EndProject
Global
	GlobalSection(SolutionConfigurationPlatforms) = preSolution
		Debug|Any CPU = Debug|Any CPU
		Release|Any CPU = Release|Any CPU
	EndGlobalSection
	GlobalSection(ProjectConfigurationPlatforms) = postSolution
		{976868D2-4857-4511-844C-96E5D36B2628}.Debug|Any CPU.ActiveCfg = Debug|Any CPU
		{976868D2-4857-4511-844C-96E5D36B2628}.Debug|Any CPU.Build.0 = Debug|Any CPU
		{976868D2-4857-4511-844C-96E5D36B2628}.Release|Any CPU.ActiveCfg = Release|Any CPU
		{976868D2-4857-4511-844C-96E5D36B2628}.Release|Any CPU.Build.0 = Release|Any CPU
	EndGlobalSection
EndGlobal
