
Microsoft Visual Studio Solution File, Format Version 12.00
# Visual Studio Version 16
VisualStudioVersion = 16.0.28803.352
MinimumVisualStudioVersion = 10.0.40219.1
Project("{FAE04EC0-301F-11D3-BF4B-00C04F79EFBC}") = "ExercicioMetodosAbstratos", "ExercicioMetodosAbstratos\ExercicioMetodosAbstratos.csproj", "{12D2883A-C30D-4DC5-8E51-1FA2CFE407E7}"
EndProject
Global
	GlobalSection(SolutionConfigurationPlatforms) = preSolution
		Debug|Any CPU = Debug|Any CPU
		Release|Any CPU = Release|Any CPU
	EndGlobalSection
	GlobalSection(ProjectConfigurationPlatforms) = postSolution
		{12D2883A-C30D-4DC5-8E51-1FA2CFE407E7}.Debug|Any CPU.ActiveCfg = Debug|Any CPU
		{12D2883A-C30D-4DC5-8E51-1FA2CFE407E7}.Debug|Any CPU.Build.0 = Debug|Any CPU
		{12D2883A-C30D-4DC5-8E51-1FA2CFE407E7}.Release|Any CPU.ActiveCfg = Release|Any CPU
		{12D2883A-C30D-4DC5-8E51-1FA2CFE407E7}.Release|Any CPU.Build.0 = Release|Any CPU
	EndGlobalSection
	GlobalSection(SolutionProperties) = preSolution
		HideSolutionNode = FALSE
	EndGlobalSection
	GlobalSection(ExtensibilityGlobals) = postSolution
		SolutionGuid = {9E6963B5-25D8-4C49-9288-9F10393973E3}
	EndGlobalSection
EndGlobal
