
Microsoft Visual Studio Solution File, Format Version 12.00
# Visual Studio Version 16
VisualStudioVersion = 16.0.28803.352
MinimumVisualStudioVersion = 10.0.40219.1
Project("{FAE04EC0-301F-11D3-BF4B-00C04F79EFBC}") = "ExercicioInterface", "ExercicioInterface\ExercicioInterface.csproj", "{77543FE8-3F11-4720-A409-C938423067B3}"
EndProject
Global
	GlobalSection(SolutionConfigurationPlatforms) = preSolution
		Debug|Any CPU = Debug|Any CPU
		Release|Any CPU = Release|Any CPU
	EndGlobalSection
	GlobalSection(ProjectConfigurationPlatforms) = postSolution
		{77543FE8-3F11-4720-A409-C938423067B3}.Debug|Any CPU.ActiveCfg = Debug|Any CPU
		{77543FE8-3F11-4720-A409-C938423067B3}.Debug|Any CPU.Build.0 = Debug|Any CPU
		{77543FE8-3F11-4720-A409-C938423067B3}.Release|Any CPU.ActiveCfg = Release|Any CPU
		{77543FE8-3F11-4720-A409-C938423067B3}.Release|Any CPU.Build.0 = Release|Any CPU
	EndGlobalSection
	GlobalSection(SolutionProperties) = preSolution
		HideSolutionNode = FALSE
	EndGlobalSection
	GlobalSection(ExtensibilityGlobals) = postSolution
		SolutionGuid = {A593A4CF-CB05-40D0-991F-14E3EDD8D205}
	EndGlobalSection
EndGlobal
